// !$*UTF8*$!
{
	archiveVersion = 1;
	classes = {
	};
	objectVersion = 46;
	objects = {

/* Begin PBXBuildFile section */
		9458103E1E470A0800926A77 /* AppDelegate.swift in Sources */ = {isa = PBXBuildFile; fileRef = 9458103D1E470A0800926A77 /* AppDelegate.swift */; };
		945810401E470A0800926A77 /* ViewController.swift in Sources */ = {isa = PBXBuildFile; fileRef = 9458103F1E470A0800926A77 /* ViewController.swift */; };
		945810431E470A0800926A77 /* Main.storyboard in Resources */ = {isa = PBXBuildFile; fileRef = 945810411E470A0800926A77 /* Main.storyboard */; };
		945810451E470A0800926A77 /* Assets.xcassets in Resources */ = {isa = PBXBuildFile; fileRef = 945810441E470A0800926A77 /* Assets.xcassets */; };
		945810481E470A0800926A77 /* LaunchScreen.storyboard in Resources */ = {isa = PBXBuildFile; fileRef = 945810461E470A0800926A77 /* LaunchScreen.storyboard */; };
		94E966BD1E4742D600703053 /* MyViewController.swift in Sources */ = {isa = PBXBuildFile; fileRef = 94E966BC1E4742D600703053 /* MyViewController.swift */; };
/* End PBXBuildFile section */

/* Begin PBXFileReference section */
		9458103A1E470A0800926A77 /* Swift1.app */ = {isa = PBXFileReference; explicitFileType = wrapper.application; includeInIndex = 0; path = Swift1.app; sourceTree = BUILT_PRODUCTS_DIR; };
		9458103D1E470A0800926A77 /* AppDelegate.swift */ = {isa = PBXFileReference; lastKnownFileType = sourcecode.swift; path = AppDelegate.swift; sourceTree = "<group>"; };
		9458103F1E470A0800926A77 /* ViewController.swift */ = {isa = PBXFileReference; lastKnownFileType = sourcecode.swift; path = ViewController.swift; sourceTree = "<group>"; };
		945810421E470A0800926A77 /* Base */ = {isa = PBXFileReference; lastKnownFileType = file.storyboard; name = Base; path = Base.lproj/Main.storyboard; sourceTree = "<group>"; };
		945810441E470A0800926A77 /* Assets.xcassets */ = {isa = PBXFileReference; lastKnownFileType = folder.assetcatalog; path = Assets.xcassets; sourceTree = "<group>"; };
		945810471E470A0800926A77 /* Base */ = {isa = PBXFileReference; lastKnownFileType = file.storyboard; name = Base; path = Base.lproj/LaunchScreen.storyboard; sourceTree = "<group>"; };
		945810491E470A0800926A77 /* Info.plist */ = {isa = PBXFileReference; lastKnownFileType = text.plist.xml; path = Info.plist; sourceTree = "<group>"; };
		9458104F1E470B1000926A77 /* Swift1.entitlements */ = {isa = PBXFileReference; lastKnownFileType = text.plist.entitlements; path = Swift1.entitlements; sourceTree = "<group>"; };
		94E966BC1E4742D600703053 /* MyViewController.swift */ = {isa = PBXFileReference; fileEncoding = 4; lastKnownFileType = sourcecode.swift; path = MyViewController.swift; sourceTree = "<group>"; };
/* End PBXFileReference section */

/* Begin PBXFrameworksBuildPhase section */
		945810371E470A0800926A77 /* Frameworks */ = {
			isa = PBXFrameworksBuildPhase;
			buildActionMask = 2147483647;
			files = (
			);
			runOnlyForDeploymentPostprocessing = 0;
		};
/* End PBXFrameworksBuildPhase section */

/* Begin PBXGroup section */
		945810311E470A0800926A77 = {
			isa = PBXGroup;
			children = (
				9458103C1E470A0800926A77 /* Swift1 */,
				9458103B1E470A0800926A77 /* Products */,
			);
			sourceTree = "<group>";
		};
		9458103B1E470A0800926A77 /* Products */ = {
			isa = PBXGroup;
			children = (
				9458103A1E470A0800926A77 /* Swift1.app */,
			);
			name = Products;
			sourceTree = "<group>";
		};
		9458103C1E470A0800926A77 /* Swift1 */ = {
			isa = PBXGroup;
			children = (
				9458104F1E470B1000926A77 /* Swift1.entitlements */,
				9458103D1E470A0800926A77 /* AppDelegate.swift */,
				9458103F1E470A0800926A77 /* ViewController.swift */,
				945810411E470A0800926A77 /* Main.storyboard */,
				94E966BC1E4742D600703053 /* MyViewController.swift */,
				945810441E470A0800926A77 /* Assets.xcassets */,
				945810461E470A0800926A77 /* LaunchScreen.storyboard */,
				945810491E470A0800926A77 /* Info.plist */,
			);
			path = Swift1;
			sourceTree = "<group>";
		};
/* End PBXGroup section */

/* Begin PBXNativeTarget section */
		945810391E470A0800926A77 /* Swift1 */ = {
			isa = PBXNativeTarget;
			buildConfigurationList = 9458104C1E470A0800926A77 /* Build configuration list for PBXNativeTarget "Swift1" */;
			buildPhases = (
				945810361E470A0800926A77 /* Sources */,
				945810371E470A0800926A77 /* Frameworks */,
				945810381E470A0800926A77 /* Resources */,
			);
			buildRules = (
			);
			dependencies = (
			);
			name = Swift1;
			productName = Swift1;
			productReference = 9458103A1E470A0800926A77 /* Swift1.app */;
			productType = "com.apple.product-type.application";
		};
/* End PBXNativeTarget section */

/* Begin PBXProject section */
		945810321E470A0800926A77 /* Project object */ = {
			isa = PBXProject;
			attributes = {
				LastSwiftUpdateCheck = 0810;
				LastUpgradeCheck = 0810;
				ORGANIZATIONNAME = Sberbank;
				TargetAttributes = {
					945810391E470A0800926A77 = {
						CreatedOnToolsVersion = 8.1;
						DevelopmentTeam = B5MHTW4TA8;
						ProvisioningStyle = Automatic;
						SystemCapabilities = {
							com.apple.DataProtection = {
								enabled = 0;
							};
						};
					};
				};
			};
			buildConfigurationList = 945810351E470A0800926A77 /* Build configuration list for PBXProject "Swift1" */;
			compatibilityVersion = "Xcode 3.2";
			developmentRegion = English;
			hasScannedForEncodings = 0;
			knownRegions = (
				en,
				Base,
			);
			mainGroup = 945810311E470A0800926A77;
			productRefGroup = 9458103B1E470A0800926A77 /* Products */;
			projectDirPath = "";
			projectRoot = "";
			targets = (
				945810391E470A0800926A77 /* Swift1 */,
			);
		};
/* End PBXProject section */

/* Begin PBXResourcesBuildPhase section */
		945810381E470A0800926A77 /* Resources */ = {
			isa = PBXResourcesBuildPhase;
			buildActionMask = 2147483647;
			files = (
				945810481E470A0800926A77 /* LaunchScreen.storyboard in Resources */,
				945810451E470A0800926A77 /* Assets.xcassets in Resources */,
				945810431E470A0800926A77 /* Main.storyboard in Resources */,
			);
			runOnlyForDeploymentPostprocessing = 0;
		};
/* End PBXResourcesBuildPhase section */

/* Begin PBXSourcesBuildPhase section */
		945810361E470A0800926A77 /* Sources */ = {
			isa = PBXSourcesBuildPhase;
			buildActionMask = 2147483647;
			files = (
				945810401E470A0800926A77 /* ViewController.swift in Sources */,
				94E966BD1E4742D600703053 /* MyViewController.swift in Sources */,
				9458103E1E470A0800926A77 /* AppDelegate.swift in Sources */,
			);
			runOnlyForDeploymentPostprocessing = 0;
		};
/* End PBXSourcesBuildPhase section */

/* Begin PBXVariantGroup section */
		945810411E470A0800926A77 /* Main.storyboard */ = {
			isa = PBXVariantGroup;
			children = (
				945810421E470A0800926A77 /* Base */,
			);
			name = Main.storyboard;
			sourceTree = "<group>";
		};
		945810461E470A0800926A77 /* LaunchScreen.storyboard */ = {
			isa = PBXVariantGroup;
			children = (
				945810471E470A0800926A77 /* Base */,
			);
			name = LaunchScreen.storyboard;
			sourceTree = "<group>";
		};
/* End PBXVariantGroup section */

/* Begin XCBuildConfiguration section */
		9458104A1E470A0800926A77 /* Debug */ = {
			isa = XCBuildConfiguration;
			buildSettings = {
				ALWAYS_SEARCH_USER_PATHS = NO;
				CLANG_ANALYZER_NONNULL = YES;
				CLANG_CXX_LANGUAGE_STANDARD = "gnu++0x";
				CLANG_CXX_LIBRARY = "libc++";
				CLANG_ENABLE_MODULES = YES;
				CLANG_ENABLE_OBJC_ARC = YES;
				CLANG_WARN_BOOL_CONVERSION = YES;
				CLANG_WARN_CONSTANT_CONVERSION = YES;
				CLANG_WARN_DIRECT_OBJC_ISA_USAGE = YES_ERROR;
				CLANG_WARN_DOCUMENTATION_COMMENTS = YES;
				CLANG_WARN_EMPTY_BODY = YES;
				CLANG_WARN_ENUM_CONVERSION = YES;
				CLANG_WARN_INFINITE_RECURSION = YES;
				CLANG_WARN_INT_CONVERSION = YES;
				CLANG_WARN_OBJC_ROOT_CLASS = YES_ERROR;
				CLANG_WARN_SUSPICIOUS_MOVES = YES;
				CLANG_WARN_UNREACHABLE_CODE = YES;
				CLANG_WARN__DUPLICATE_METHOD_MATCH = YES;
				"CODE_SIGN_IDENTITY[sdk=iphoneos*]" = "iPhone Developer";
				COPY_PHASE_STRIP = NO;
				DEBUG_INFORMATION_FORMAT = dwarf;
				ENABLE_STRICT_OBJC_MSGSEND = YES;
				ENABLE_TESTABILITY = YES;
				GCC_C_LANGUAGE_STANDARD = gnu99;
				GCC_DYNAMIC_NO_PIC = NO;
				GCC_NO_COMMON_BLOCKS = YES;
				GCC_OPTIMIZATION_LEVEL = 0;
				GCC_PREPROCESSOR_DEFINITIONS = (
					"DEBUG=1",
					"$(inherited)",
				);
				GCC_WARN_64_TO_32_BIT_CONVERSION = YES;
				GCC_WARN_ABOUT_RETURN_TYPE = YES_ERROR;
				GCC_WARN_UNDECLARED_SELECTOR = YES;
				GCC_WARN_UNINITIALIZED_AUTOS = YES_AGGRESSIVE;
				GCC_WARN_UNUSED_FUNCTION = YES;
				GCC_WARN_UNUSED_VARIABLE = YES;
				IPHONEOS_DEPLOYMENT_TARGET = 10.1;
				MTL_ENABLE_DEBUG_INFO = YES;
				ONLY_ACTIVE_ARCH = YES;
				SDKROOT = iphoneos;
				SWIFT_ACTIVE_COMPILATION_CONDITIONS = DEBUG;
				SWIFT_OPTIMIZATION_LEVEL = "-Onone";
			};
			name = Debug;
		};
		9458104B1E470A0800926A77 /* Release */ = {
			isa = XCBuildConfiguration;
			buildSettings = {
				ALWAYS_SEARCH_USER_PATHS = NO;
				CLANG_ANALYZER_NONNULL = YES;
				CLANG_CXX_LANGUAGE_STANDARD = "gnu++0x";
				CLANG_CXX_LIBRARY = "libc++";
				CLANG_ENABLE_MODULES = YES;
				CLANG_ENABLE_OBJC_ARC = YES;
				CLANG_WARN_BOOL_CONVERSION = YES;
				CLANG_WARN_CONSTANT_CONVERSION = YES;
				CLANG_WARN_DIRECT_OBJC_ISA_USAGE = YES_ERROR;
				CLANG_WARN_DOCUMENTATION_COMMENTS = YES;
				CLANG_WARN_EMPTY_BODY = YES;
				CLANG_WARN_ENUM_CONVERSION = YES;
				CLANG_WARN_INFINITE_RECURSION = YES;
				CLANG_WARN_INT_CONVERSION = YES;
				CLANG_WARN_OBJC_ROOT_CLASS = YES_ERROR;
				CLANG_WARN_SUSPICIOUS_MOVES = YES;
				CLANG_WARN_UNREACHABLE_CODE = YES;
				CLANG_WARN__DUPLICATE_METHOD_MATCH = YES;
				"CODE_SIGN_IDENTITY[sdk=iphoneos*]" = "iPhone Developer";
				COPY_PHASE_STRIP = NO;
				DEBUG_INFORMATION_FORMAT = "dwarf-with-dsym";
				ENABLE_NS_ASSERTIONS = NO;
				ENABLE_STRICT_OBJC_MSGSEND = YES;
				GCC_C_LANGUAGE_STANDARD = gnu99;
				GCC_NO_COMMON_BLOCKS = YES;
				GCC_WARN_64_TO_32_BIT_CONVERSION = YES;
				GCC_WARN_ABOUT_RETURN_TYPE = YES_ERROR;
				GCC_WARN_UNDECLARED_SELECTOR = YES;
				GCC_WARN_UNINITIALIZED_AUTOS = YES_AGGRESSIVE;
				GCC_WARN_UNUSED_FUNCTION = YES;
				GCC_WARN_UNUSED_VARIABLE = YES;
				IPHONEOS_DEPLOYMENT_TARGET = 10.1;
				MTL_ENABLE_DEBUG_INFO = NO;
				SDKROOT = iphoneos;
				SWIFT_OPTIMIZATION_LEVEL = "-Owholemodule";
				VALIDATE_PRODUCT = YES;
			};
			name = Release;
		};
		9458104D1E470A0800926A77 /* Debug */ = {
			isa = XCBuildConfiguration;
			buildSettings = {
				ASSETCATALOG_COMPILER_APPICON_NAME = AppIcon;
				DEVELOPMENT_TEAM = B5MHTW4TA8;
				INFOPLIST_FILE = Swift1/Info.plist;
				IPHONEOS_DEPLOYMENT_TARGET = 8.4;
				LD_RUNPATH_SEARCH_PATHS = "$(inherited) @executable_path/Frameworks";
				PRODUCT_BUNDLE_IDENTIFIER = ru.sberbank.Swift1;
				PRODUCT_NAME = "$(TARGET_NAME)";
				SWIFT_VERSION = 3.0;
			};
			name = Debug;
		};
		9458104E1E470A0800926A77 /* Release */ = {
			isa = XCBuildConfiguration;
			buildSettings = {
				ASSETCATALOG_COMPILER_APPICON_NAME = AppIcon;
				DEVELOPMENT_TEAM = B5MHTW4TA8;
				INFOPLIST_FILE = Swift1/Info.plist;
				IPHONEOS_DEPLOYMENT_TARGET = 8.4;
				LD_RUNPATH_SEARCH_PATHS = "$(inherited) @executable_path/Frameworks";
				PRODUCT_BUNDLE_IDENTIFIER = ru.sberbank.Swift1;
				PRODUCT_NAME = "$(TARGET_NAME)";
				SWIFT_VERSION = 3.0;
			};
			name = Release;
		};
/* End XCBuildConfiguration section */

/* Begin XCConfigurationList section */
		945810351E470A0800926A77 /* Build configuration list for PBXProject "Swift1" */ = {
			isa = XCConfigurationList;
			buildConfigurations = (
				9458104A1E470A0800926A77 /* Debug */,
				9458104B1E470A0800926A77 /* Release */,
			);
			defaultConfigurationIsVisible = 0;
			defaultConfigurationName = Release;
		};
		9458104C1E470A0800926A77 /* Build configuration list for PBXNativeTarget "Swift1" */ = {
			isa = XCConfigurationList;
			buildConfigurations = (
				9458104D1E470A0800926A77 /* Debug */,
				9458104E1E470A0800926A77 /* Release */,
			);
			defaultConfigurationIsVisible = 0;
			defaultConfigurationName = Release;
		};
/* End XCConfigurationList section */
	};
	rootObject = 945810321E470A0800926A77 /* Project object */;
}
